<?xml version="1.0" encoding="utf-8"?>
<Project ToolsVersion="4.0" xmlns="http://schemas.microsoft.com/developer/msbuild/2003">
  <ItemGroup>
    <Filter Include="源文件">
      <UniqueIdentifier>{4FC737F1-C7A5-4376-A066-2A32D752A2FF}</UniqueIdentifier>
      <Extensions>cpp;c;cc;cxx;c++;def;odl;idl;hpj;bat;asm;asmx</Extensions>
    </Filter>
    <Filter Include="头文件">
      <UniqueIdentifier>{93995380-89BD-4b04-88EB-625FBE52EBFB}</UniqueIdentifier>
      <Extensions>h;hh;hpp;hxx;h++;hm;inl;inc;ipp;xsd</Extensions>
    </Filter>
    <Filter Include="资源文件">
      <UniqueIdentifier>{67DA6AB6-F800-4c08-8B7A-83BB121AAD01}</UniqueIdentifier>
      <Extensions>rc;ico;cur;bmp;dlg;rc2;rct;bin;rgs;gif;jpg;jpeg;jpe;resx;tiff;tif;png;wav;mfcribbon-ms</Extensions>
    </Filter>
    <Filter Include="UI">
      <UniqueIdentifier>{2f798474-ccc4-41a4-a100-85a22a544c43}</UniqueIdentifier>
    </Filter>
    <Filter Include="Lib">
      <UniqueIdentifier>{b5e4d7b7-8c15-4d3d-b7ae-4d831bbae839}</UniqueIdentifier>
    </Filter>
    <Filter Include="Lib\CacUI">
      <UniqueIdentifier>{958454d2-c623-4812-9bdc-135564306588}</UniqueIdentifier>
    </Filter>
    <Filter Include="Lib\sqlite_orm">
      <UniqueIdentifier>{e4271d1a-a2e8-433e-bdd8-9172ab3fe095}</UniqueIdentifier>
    </Filter>
    <Filter Include="Lib\db">
      <UniqueIdentifier>{bed4df33-074e-44df-aa6f-ffcd33606686}</UniqueIdentifier>
    </Filter>
    <Filter Include="ViewModel">
      <UniqueIdentifier>{2d93b607-8785-44c4-a896-3c762690a995}</UniqueIdentifier>
    </Filter>
  </ItemGroup>
  <ItemGroup>
    <ClCompile Include="Main.cpp">
      <Filter>源文件</Filter>
    </ClCompile>
    <ClCompile Include="UI\Source\CodeBookWindow.cpp">
      <Filter>UI</Filter>
    </ClCompile>
    <ClCompile Include="UI\Source\GacPassPartialClasses.cpp">
      <Filter>UI</Filter>
    </ClCompile>
    <ClCompile Include="UI\Source\GacPassReflection.cpp">
      <Filter>UI</Filter>
    </ClCompile>
    <ClCompile Include="Lib\GacUI\GacUI.cpp">
      <Filter>Lib\CacUI</Filter>
    </ClCompile>
    <ClCompile Include="Lib\GacUI\GacUIWindows.cpp">
      <Filter>Lib\CacUI</Filter>
    </ClCompile>
    <ClCompile Include="Lib\GacUI\Vlpp.cpp">
      <Filter>Lib\CacUI</Filter>
    </ClCompile>
    <ClCompile Include="Lib\GacUI\VlppOS.cpp">
      <Filter>Lib\CacUI</Filter>
    </ClCompile>
    <ClCompile Include="Lib\GacUI\VlppParser.cpp">
      <Filter>Lib\CacUI</Filter>
    </ClCompile>
    <ClCompile Include="Lib\GacUI\VlppReflection.cpp">
      <Filter>Lib\CacUI</Filter>
    </ClCompile>
    <ClCompile Include="Lib\GacUI\VlppRegex.cpp">
      <Filter>Lib\CacUI</Filter>
    </ClCompile>
    <ClCompile Include="Lib\GacUI\VlppWorkflowLibrary.cpp">
      <Filter>Lib\CacUI</Filter>
    </ClCompile>
    <ClCompile Include="Lib\GacUI\Skins\DarkSkin\DarkSkin.cpp">
      <Filter>Lib\CacUI</Filter>
    </ClCompile>
    <ClCompile Include="Lib\util.cpp">
      <Filter>Lib</Filter>
    </ClCompile>
    <ClCompile Include="Lib\sqlite_orm\WString.cpp">
      <Filter>Lib\sqlite_orm</Filter>
    </ClCompile>
    <ClCompile Include="WinMain.cpp">
      <Filter>源文件</Filter>
    </ClCompile>
    <ClCompile Include="Lib\AsyncIO.cpp">
      <Filter>Lib</Filter>
    </ClCompile>
    <ClCompile Include="Lib\ChromeHandler.cpp">
      <Filter>Lib</Filter>
    </ClCompile>
    <ClCompile Include="Lib\db\Code.cpp">
      <Filter>Lib\db</Filter>
    </ClCompile>
    <ClCompile Include="Lib\db\Key.cpp">
      <Filter>Lib\db</Filter>
    </ClCompile>
    <ClCompile Include="Lib\EventBus.cpp">
      <Filter>Lib</Filter>
    </ClCompile>
    <ClCompile Include="ViewModel\CodeBookViewModel.cpp">
      <Filter>ViewModel</Filter>
    </ClCompile>
    <ClCompile Include="ViewModel\EditCodeViewModel.cpp">
      <Filter>ViewModel</Filter>
    </ClCompile>
    <ClCompile Include="ViewModel\LoginViewModel.cpp">
      <Filter>ViewModel</Filter>
    </ClCompile>
    <ClCompile Include="ViewModel\RegisterViewModel.cpp">
      <Filter>ViewModel</Filter>
    </ClCompile>
    <ClCompile Include="Lib\GEvent.cpp">
      <Filter>Lib</Filter>
    </ClCompile>
    <ClCompile Include="Lib\db\Reference.cpp">
      <Filter>Lib\db</Filter>
    </ClCompile>
  </ItemGroup>
  <ItemGroup>
    <ClInclude Include="UI\Source\CodeBookWindow.h">
      <Filter>UI</Filter>
    </ClInclude>
    <ClInclude Include="UI\Source\GacPass.h">
      <Filter>UI</Filter>
    </ClInclude>
    <ClInclude Include="UI\Source\GacPassPartialClasses.h">
      <Filter>UI</Filter>
    </ClInclude>
    <ClInclude Include="UI\Source\GacPassReflection.h">
      <Filter>UI</Filter>
    </ClInclude>
    <ClInclude Include="resource.h">
      <Filter>头文件</Filter>
    </ClInclude>
    <ClInclude Include="Lib\GacUI\GacUI.h">
      <Filter>Lib\CacUI</Filter>
    </ClInclude>
    <ClInclude Include="Lib\GacUI\GacUIWindows.h">
      <Filter>Lib\CacUI</Filter>
    </ClInclude>
    <ClInclude Include="Lib\GacUI\Vlpp.h">
      <Filter>Lib\CacUI</Filter>
    </ClInclude>
    <ClInclude Include="Lib\GacUI\VlppOS.h">
      <Filter>Lib\CacUI</Filter>
    </ClInclude>
    <ClInclude Include="Lib\GacUI\VlppParser.h">
      <Filter>Lib\CacUI</Filter>
    </ClInclude>
    <ClInclude Include="Lib\GacUI\VlppReflection.h">
      <Filter>Lib\CacUI</Filter>
    </ClInclude>
    <ClInclude Include="Lib\GacUI\VlppRegex.h">
      <Filter>Lib\CacUI</Filter>
    </ClInclude>
    <ClInclude Include="Lib\GacUI\VlppWorkflowLibrary.h">
      <Filter>Lib\CacUI</Filter>
    </ClInclude>
    <ClInclude Include="Lib\GacUI\Skins\DarkSkin\DarkSkin.h">
      <Filter>Lib\CacUI</Filter>
    </ClInclude>
    <ClInclude Include="Lib\util.hpp">
      <Filter>Lib</Filter>
    </ClInclude>
    <ClInclude Include="Lib\sqlite_orm\WString.h">
      <Filter>Lib\sqlite_orm</Filter>
    </ClInclude>
    <ClInclude Include="Lib\AsyncIO.h">
      <Filter>Lib</Filter>
    </ClInclude>
    <ClInclude Include="Lib\ChromeHandler.h">
      <Filter>Lib</Filter>
    </ClInclude>
    <ClInclude Include="Lib\db\Code.h">
      <Filter>Lib\db</Filter>
    </ClInclude>
    <ClInclude Include="Lib\db\Key.h">
      <Filter>Lib\db</Filter>
    </ClInclude>
    <ClInclude Include="Lib\db\DB.h">
      <Filter>Lib\db</Filter>
    </ClInclude>
    <ClInclude Include="Lib\EventBus.h">
      <Filter>Lib</Filter>
    </ClInclude>
    <ClInclude Include="ViewModel\CodeBookViewModel.h">
      <Filter>ViewModel</Filter>
    </ClInclude>
    <ClInclude Include="ViewModel\EditCodeViewModel.h">
      <Filter>ViewModel</Filter>
    </ClInclude>
    <ClInclude Include="ViewModel\LoginViewModel.h">
      <Filter>ViewModel</Filter>
    </ClInclude>
    <ClInclude Include="ViewModel\RegisterViewModel.h">
      <Filter>ViewModel</Filter>
    </ClInclude>
    <ClInclude Include="Lib\GEvent.h">
      <Filter>Lib</Filter>
    </ClInclude>
    <ClInclude Include="Lib\db\Reference.h">
      <Filter>Lib\db</Filter>
    </ClInclude>
  </ItemGroup>
  <ItemGroup>
    <Xml Include="UI\Resource.xml">
      <Filter>资源文件</Filter>
    </Xml>
    <Xml Include="UI\RegisterWindow.xml">
      <Filter>资源文件</Filter>
    </Xml>
    <Xml Include="UI\CodeBookWindow.xml">
      <Filter>资源文件</Filter>
    </Xml>
    <Xml Include="UI\LoginWindow.xml">
      <Filter>资源文件</Filter>
    </Xml>
    <Xml Include="UI\SeekBar.xml">
      <Filter>资源文件</Filter>
    </Xml>
    <Xml Include="UI\EditCodeWindow.xml">
      <Filter>资源文件</Filter>
    </Xml>
  </ItemGroup>
  <ItemGroup>
    <ResourceCompile Include="Gacpass.rc">
      <Filter>资源文件</Filter>
    </ResourceCompile>
  </ItemGroup>
  <ItemGroup>
    <Image Include="UI\Delete.png">
      <Filter>资源文件</Filter>
    </Image>
    <Image Include="UI\Edit.png">
      <Filter>资源文件</Filter>
    </Image>
    <Image Include="UI\Folder.png">
      <Filter>资源文件</Filter>
    </Image>
    <Image Include="UI\New.png">
      <Filter>资源文件</Filter>
    </Image>
  </ItemGroup>
</Project>